
Microsoft Visual Studio Solution File, Format Version 12.00
# Visual Studio Version 16
VisualStudioVersion = 16.0.32802.440
MinimumVisualStudioVersion = 10.0.40219.1
Project("{FAE04EC0-301F-11D3-BF4B-00C04F79EFBC}") = "SimlationCars", "SimlationCars\SimlationCars.csproj", "{1E2C7857-2BC7-4332-8130-7774DECEE1A7}"
EndProject
Global
	GlobalSection(SolutionConfigurationPlatforms) = preSolution
		Debug|Any CPU = Debug|Any CPU
		Release|Any CPU = Release|Any CPU
	EndGlobalSection
	GlobalSection(ProjectConfigurationPlatforms) = postSolution
		{1E2C7857-2BC7-4332-8130-7774DECEE1A7}.Debug|Any CPU.ActiveCfg = Debug|Any CPU
		{1E2C7857-2BC7-4332-8130-7774DECEE1A7}.Debug|Any CPU.Build.0 = Debug|Any CPU
		{1E2C7857-2BC7-4332-8130-7774DECEE1A7}.Release|Any CPU.ActiveCfg = Release|Any CPU
		{1E2C7857-2BC7-4332-8130-7774DECEE1A7}.Release|Any CPU.Build.0 = Release|Any CPU
	EndGlobalSection
	GlobalSection(SolutionProperties) = preSolution
		HideSolutionNode = FALSE
	EndGlobalSection
	GlobalSection(ExtensibilityGlobals) = postSolution
		SolutionGuid = {EA91F23B-AB47-452B-955C-4D7160CEC3EA}
	EndGlobalSection
EndGlobal
